
Microsoft Visual Studio Solution File, Format Version 12.00
# Visual Studio Version 16
VisualStudioVersion = 16.0.31229.75
MinimumVisualStudioVersion = 10.0.40219.1
Project("{FAE04EC0-301F-11D3-BF4B-00C04F79EFBC}") = "SRCalculator.UWP", "SRCalculator.UWP\SRCalculator.UWP.csproj", "{D4024C05-6674-47CC-AE55-041DCF17FAA6}"
EndProject
Project("{FAE04EC0-301F-11D3-BF4B-00C04F79EFBC}") = "SRCalculator.Android", "SRCalculator.Android\SRCalculator.Android.csproj", "{C22AAEC8-2AE2-4821-B993-ABA6D7E63308}"
EndProject
Project("{FAE04EC0-301F-11D3-BF4B-00C04F79EFBC}") = "SRCalculator.iOS", "SRCalculator.iOS\SRCalculator.iOS.csproj", "{39A3E401-7167-4BE2-8A48-C2B607D23F64}"
EndProject
Project("{FAE04EC0-301F-11D3-BF4B-00C04F79EFBC}") = "SRCalculator", "SRCalculator\SRCalculator.csproj", "{8E338984-1440-49D8-8129-8E09AA3BE040}"
EndProject
Global
	GlobalSection(SolutionConfigurationPlatforms) = preSolution
		Debug|Any CPU = Debug|Any CPU
		Debug|ARM = Debug|ARM
		Debug|iPhone = Debug|iPhone
		Debug|iPhoneSimulator = Debug|iPhoneSimulator
		Debug|x64 = Debug|x64
		Debug|x86 = Debug|x86
		Release|Any CPU = Release|Any CPU
		Release|ARM = Release|ARM
		Release|iPhone = Release|iPhone
		Release|iPhoneSimulator = Release|iPhoneSimulator
		Release|x64 = Release|x64
		Release|x86 = Release|x86
	EndGlobalSection
	GlobalSection(ProjectConfigurationPlatforms) = postSolution
		{D4024C05-6674-47CC-AE55-041DCF17FAA6}.Debug|Any CPU.ActiveCfg = Debug|x86
		{D4024C05-6674-47CC-AE55-041DCF17FAA6}.Debug|Any CPU.Build.0 = Debug|x86
		{D4024C05-6674-47CC-AE55-041DCF17FAA6}.Debug|Any CPU.Deploy.0 = Debug|x86
		{D4024C05-6674-47CC-AE55-041DCF17FAA6}.Debug|ARM.ActiveCfg = Debug|ARM
		{D4024C05-6674-47CC-AE55-041DCF17FAA6}.Debug|ARM.Build.0 = Debug|ARM
		{D4024C05-6674-47CC-AE55-041DCF17FAA6}.Debug|ARM.Deploy.0 = Debug|ARM
		{D4024C05-6674-47CC-AE55-041DCF17FAA6}.Debug|iPhone.ActiveCfg = Debug|x86
		{D4024C05-6674-47CC-AE55-041DCF17FAA6}.Debug|iPhone.Build.0 = Debug|x86
		{D4024C05-6674-47CC-AE55-041DCF17FAA6}.Debug|iPhone.Deploy.0 = Debug|x86
		{D4024C05-6674-47CC-AE55-041DCF17FAA6}.Debug|iPhoneSimulator.ActiveCfg = Debug|x86
		{D4024C05-6674-47CC-AE55-041DCF17FAA6}.Debug|iPhoneSimulator.Build.0 = Debug|x86
		{D4024C05-6674-47CC-AE55-041DCF17FAA6}.Debug|iPhoneSimulator.Deploy.0 = Debug|x86
		{D4024C05-6674-47CC-AE55-041DCF17FAA6}.Debug|x64.ActiveCfg = Debug|x64
		{D4024C05-6674-47CC-AE55-041DCF17FAA6}.Debug|x64.Build.0 = Debug|x64
		{D4024C05-6674-47CC-AE55-041DCF17FAA6}.Debug|x64.Deploy.0 = Debug|x64
		{D4024C05-6674-47CC-AE55-041DCF17FAA6}.Debug|x86.ActiveCfg = Debug|x86
		{D4024C05-6674-47CC-AE55-041DCF17FAA6}.Debug|x86.Build.0 = Debug|x86
		{D4024C05-6674-47CC-AE55-041DCF17FAA6}.Debug|x86.Deploy.0 = Debug|x86
		{D4024C05-6674-47CC-AE55-041DCF17FAA6}.Release|Any CPU.ActiveCfg = Release|x86
		{D4024C05-6674-47CC-AE55-041DCF17FAA6}.Release|Any CPU.Build.0 = Release|x86
		{D4024C05-6674-47CC-AE55-041DCF17FAA6}.Release|Any CPU.Deploy.0 = Release|x86
		{D4024C05-6674-47CC-AE55-041DCF17FAA6}.Release|ARM.ActiveCfg = Release|ARM
		{D4024C05-6674-47CC-AE55-041DCF17FAA6}.Release|ARM.Build.0 = Release|ARM
		{D4024C05-6674-47CC-AE55-041DCF17FAA6}.Release|ARM.Deploy.0 = Release|ARM
		{D4024C05-6674-47CC-AE55-041DCF17FAA6}.Release|iPhone.ActiveCfg = Release|x86
		{D4024C05-6674-47CC-AE55-041DCF17FAA6}.Release|iPhone.Build.0 = Release|x86
		{D4024C05-6674-47CC-AE55-041DCF17FAA6}.Release|iPhone.Deploy.0 = Release|x86
		{D4024C05-6674-47CC-AE55-041DCF17FAA6}.Release|iPhoneSimulator.ActiveCfg = Release|x86
		{D4024C05-6674-47CC-AE55-041DCF17FAA6}.Release|iPhoneSimulator.Build.0 = Release|x86
		{D4024C05-6674-47CC-AE55-041DCF17FAA6}.Release|iPhoneSimulator.Deploy.0 = Release|x86
		{D4024C05-6674-47CC-AE55-041DCF17FAA6}.Release|x64.ActiveCfg = Release|x64
		{D4024C05-6674-47CC-AE55-041DCF17FAA6}.Release|x64.Build.0 = Release|x64
		{D4024C05-6674-47CC-AE55-041DCF17FAA6}.Release|x64.Deploy.0 = Release|x64
		{D4024C05-6674-47CC-AE55-041DCF17FAA6}.Release|x86.ActiveCfg = Release|x86
		{D4024C05-6674-47CC-AE55-041DCF17FAA6}.Release|x86.Build.0 = Release|x86
		{D4024C05-6674-47CC-AE55-041DCF17FAA6}.Release|x86.Deploy.0 = Release|x86
		{C22AAEC8-2AE2-4821-B993-ABA6D7E63308}.Debug|Any CPU.ActiveCfg = Debug|Any CPU
		{C22AAEC8-2AE2-4821-B993-ABA6D7E63308}.Debug|Any CPU.Build.0 = Debug|Any CPU
		{C22AAEC8-2AE2-4821-B993-ABA6D7E63308}.Debug|Any CPU.Deploy.0 = Debug|Any CPU
		{C22AAEC8-2AE2-4821-B993-ABA6D7E63308}.Debug|ARM.ActiveCfg = Debug|Any CPU
		{C22AAEC8-2AE2-4821-B993-ABA6D7E63308}.Debug|ARM.Build.0 = Debug|Any CPU
		{C22AAEC8-2AE2-4821-B993-ABA6D7E63308}.Debug|ARM.Deploy.0 = Debug|Any CPU
		{C22AAEC8-2AE2-4821-B993-ABA6D7E63308}.Debug|iPhone.ActiveCfg = Debug|Any CPU
		{C22AAEC8-2AE2-4821-B993-ABA6D7E63308}.Debug|iPhone.Build.0 = Debug|Any CPU
		{C22AAEC8-2AE2-4821-B993-ABA6D7E63308}.Debug|iPhone.Deploy.0 = Debug|Any CPU
		{C22AAEC8-2AE2-4821-B993-ABA6D7E63308}.Debug|iPhoneSimulator.ActiveCfg = Debug|Any CPU
		{C22AAEC8-2AE2-4821-B993-ABA6D7E63308}.Debug|iPhoneSimulator.Build.0 = Debug|Any CPU
		{C22AAEC8-2AE2-4821-B993-ABA6D7E63308}.Debug|iPhoneSimulator.Deploy.0 = Debug|Any CPU
		{C22AAEC8-2AE2-4821-B993-ABA6D7E63308}.Debug|x64.ActiveCfg = Debug|Any CPU
		{C22AAEC8-2AE2-4821-B993-ABA6D7E63308}.Debug|x64.Build.0 = Debug|Any CPU
		{C22AAEC8-2AE2-4821-B993-ABA6D7E63308}.Debug|x64.Deploy.0 = Debug|Any CPU
		{C22AAEC8-2AE2-4821-B993-ABA6D7E63308}.Debug|x86.ActiveCfg = Debug|Any CPU
		{C22AAEC8-2AE2-4821-B993-ABA6D7E63308}.Debug|x86.Build.0 = Debug|Any CPU
		{C22AAEC8-2AE2-4821-B993-ABA6D7E63308}.Debug|x86.Deploy.0 = Debug|Any CPU
		{C22AAEC8-2AE2-4821-B993-ABA6D7E63308}.Release|Any CPU.ActiveCfg = Release|Any CPU
		{C22AAEC8-2AE2-4821-B993-ABA6D7E63308}.Release|Any CPU.Build.0 = Release|Any CPU
		{C22AAEC8-2AE2-4821-B993-ABA6D7E63308}.Release|Any CPU.Deploy.0 = Release|Any CPU
		{C22AAEC8-2AE2-4821-B993-ABA6D7E63308}.Release|ARM.ActiveCfg = Release|Any CPU
		{C22AAEC8-2AE2-4821-B993-ABA6D7E63308}.Release|ARM.Build.0 = Release|Any CPU
		{C22AAEC8-2AE2-4821-B993-ABA6D7E63308}.Release|ARM.Deploy.0 = Release|Any CPU
		{C22AAEC8-2AE2-4821-B993-ABA6D7E63308}.Release|iPhone.ActiveCfg = Release|Any CPU
		{C22AAEC8-2AE2-4821-B993-ABA6D7E63308}.Release|iPhone.Build.0 = Release|Any CPU
		{C22AAEC8-2AE2-4821-B993-ABA6D7E63308}.Release|iPhone.Deploy.0 = Release|Any CPU
		{C22AAEC8-2AE2-4821-B993-ABA6D7E63308}.Release|iPhoneSimulator.ActiveCfg = Release|Any CPU
		{C22AAEC8-2AE2-4821-B993-ABA6D7E63308}.Release|iPhoneSimulator.Build.0 = Release|Any CPU
		{C22AAEC8-2AE2-4821-B993-ABA6D7E63308}.Release|iPhoneSimulator.Deploy.0 = Release|Any CPU
		{C22AAEC8-2AE2-4821-B993-ABA6D7E63308}.Release|x64.ActiveCfg = Release|Any CPU
		{C22AAEC8-2AE2-4821-B993-ABA6D7E63308}.Release|x64.Build.0 = Release|Any CPU
		{C22AAEC8-2AE2-4821-B993-ABA6D7E63308}.Release|x64.Deploy.0 = Release|Any CPU
		{C22AAEC8-2AE2-4821-B993-ABA6D7E63308}.Release|x86.ActiveCfg = Release|Any CPU
		{C22AAEC8-2AE2-4821-B993-ABA6D7E63308}.Release|x86.Build.0 = Release|Any CPU
		{C22AAEC8-2AE2-4821-B993-ABA6D7E63308}.Release|x86.Deploy.0 = Release|Any CPU
		{39A3E401-7167-4BE2-8A48-C2B607D23F64}.Debug|Any CPU.ActiveCfg = Debug|iPhoneSimulator
		{39A3E401-7167-4BE2-8A48-C2B607D23F64}.Debug|Any CPU.Build.0 = Debug|iPhoneSimulator
		{39A3E401-7167-4BE2-8A48-C2B607D23F64}.Debug|Any CPU.Deploy.0 = Debug|iPhoneSimulator
		{39A3E401-7167-4BE2-8A48-C2B607D23F64}.Debug|ARM.ActiveCfg = Debug|iPhone
		{39A3E401-7167-4BE2-8A48-C2B607D23F64}.Debug|ARM.Build.0 = Debug|iPhone
		{39A3E401-7167-4BE2-8A48-C2B607D23F64}.Debug|ARM.Deploy.0 = Debug|iPhone
		{39A3E401-7167-4BE2-8A48-C2B607D23F64}.Debug|iPhone.ActiveCfg = Debug|iPhone
		{39A3E401-7167-4BE2-8A48-C2B607D23F64}.Debug|iPhone.Build.0 = Debug|iPhone
		{39A3E401-7167-4BE2-8A48-C2B607D23F64}.Debug|iPhone.Deploy.0 = Debug|iPhone
		{39A3E401-7167-4BE2-8A48-C2B607D23F64}.Debug|iPhoneSimulator.ActiveCfg = Debug|iPhoneSimulator
		{39A3E401-7167-4BE2-8A48-C2B607D23F64}.Debug|iPhoneSimulator.Build.0 = Debug|iPhoneSimulator
		{39A3E401-7167-4BE2-8A48-C2B607D23F64}.Debug|iPhoneSimulator.Deploy.0 = Debug|iPhoneSimulator
		{39A3E401-7167-4BE2-8A48-C2B607D23F64}.Debug|x64.ActiveCfg = Debug|iPhoneSimulator
		{39A3E401-7167-4BE2-8A48-C2B607D23F64}.Debug|x64.Build.0 = Debug|iPhoneSimulator
		{39A3E401-7167-4BE2-8A48-C2B607D23F64}.Debug|x64.Deploy.0 = Debug|iPhoneSimulator
		{39A3E401-7167-4BE2-8A48-C2B607D23F64}.Debug|x86.ActiveCfg = Debug|iPhoneSimulator
		{39A3E401-7167-4BE2-8A48-C2B607D23F64}.Debug|x86.Build.0 = Debug|iPhoneSimulator
		{39A3E401-7167-4BE2-8A48-C2B607D23F64}.Debug|x86.Deploy.0 = Debug|iPhoneSimulator
		{39A3E401-7167-4BE2-8A48-C2B607D23F64}.Release|Any CPU.ActiveCfg = Release|iPhoneSimulator
		{39A3E401-7167-4BE2-8A48-C2B607D23F64}.Release|Any CPU.Build.0 = Release|iPhoneSimulator
		{39A3E401-7167-4BE2-8A48-C2B607D23F64}.Release|Any CPU.Deploy.0 = Release|iPhoneSimulator
		{39A3E401-7167-4BE2-8A48-C2B607D23F64}.Release|ARM.ActiveCfg = Release|iPhoneSimulator
		{39A3E401-7167-4BE2-8A48-C2B607D23F64}.Release|ARM.Build.0 = Release|iPhoneSimulator
		{39A3E401-7167-4BE2-8A48-C2B607D23F64}.Release|ARM.Deploy.0 = Release|iPhoneSimulator
		{39A3E401-7167-4BE2-8A48-C2B607D23F64}.Release|iPhone.ActiveCfg = Release|iPhone
		{39A3E401-7167-4BE2-8A48-C2B607D23F64}.Release|iPhone.Build.0 = Release|iPhone
		{39A3E401-7167-4BE2-8A48-C2B607D23F64}.Release|iPhone.Deploy.0 = Release|iPhone
		{39A3E401-7167-4BE2-8A48-C2B607D23F64}.Release|iPhoneSimulator.ActiveCfg = Release|iPhoneSimulator
		{39A3E401-7167-4BE2-8A48-C2B607D23F64}.Release|iPhoneSimulator.Build.0 = Release|iPhoneSimulator
		{39A3E401-7167-4BE2-8A48-C2B607D23F64}.Release|iPhoneSimulator.Deploy.0 = Release|iPhoneSimulator
		{39A3E401-7167-4BE2-8A48-C2B607D23F64}.Release|x64.ActiveCfg = Release|iPhoneSimulator
		{39A3E401-7167-4BE2-8A48-C2B607D23F64}.Release|x64.Build.0 = Release|iPhoneSimulator
		{39A3E401-7167-4BE2-8A48-C2B607D23F64}.Release|x64.Deploy.0 = Release|iPhoneSimulator
		{39A3E401-7167-4BE2-8A48-C2B607D23F64}.Release|x86.ActiveCfg = Release|iPhoneSimulator
		{39A3E401-7167-4BE2-8A48-C2B607D23F64}.Release|x86.Build.0 = Release|iPhoneSimulator
		{39A3E401-7167-4BE2-8A48-C2B607D23F64}.Release|x86.Deploy.0 = Release|iPhoneSimulator
		{8E338984-1440-49D8-8129-8E09AA3BE040}.Debug|Any CPU.ActiveCfg = Debug|Any CPU
		{8E338984-1440-49D8-8129-8E09AA3BE040}.Debug|Any CPU.Build.0 = Debug|Any CPU
		{8E338984-1440-49D8-8129-8E09AA3BE040}.Debug|Any CPU.Deploy.0 = Debug|Any CPU
		{8E338984-1440-49D8-8129-8E09AA3BE040}.Debug|ARM.ActiveCfg = Debug|Any CPU
		{8E338984-1440-49D8-8129-8E09AA3BE040}.Debug|ARM.Build.0 = Debug|Any CPU
		{8E338984-1440-49D8-8129-8E09AA3BE040}.Debug|ARM.Deploy.0 = Debug|Any CPU
		{8E338984-1440-49D8-8129-8E09AA3BE040}.Debug|iPhone.ActiveCfg = Debug|Any CPU
		{8E338984-1440-49D8-8129-8E09AA3BE040}.Debug|iPhone.Build.0 = Debug|Any CPU
		{8E338984-1440-49D8-8129-8E09AA3BE040}.Debug|iPhone.Deploy.0 = Debug|Any CPU
		{8E338984-1440-49D8-8129-8E09AA3BE040}.Debug|iPhoneSimulator.ActiveCfg = Debug|Any CPU
		{8E338984-1440-49D8-8129-8E09AA3BE040}.Debug|iPhoneSimulator.Build.0 = Debug|Any CPU
		{8E338984-1440-49D8-8129-8E09AA3BE040}.Debug|iPhoneSimulator.Deploy.0 = Debug|Any CPU
		{8E338984-1440-49D8-8129-8E09AA3BE040}.Debug|x64.ActiveCfg = Debug|Any CPU
		{8E338984-1440-49D8-8129-8E09AA3BE040}.Debug|x64.Build.0 = Debug|Any CPU
		{8E338984-1440-49D8-8129-8E09AA3BE040}.Debug|x64.Deploy.0 = Debug|Any CPU
		{8E338984-1440-49D8-8129-8E09AA3BE040}.Debug|x86.ActiveCfg = Debug|Any CPU
		{8E338984-1440-49D8-8129-8E09AA3BE040}.Debug|x86.Build.0 = Debug|Any CPU
		{8E338984-1440-49D8-8129-8E09AA3BE040}.Debug|x86.Deploy.0 = Debug|Any CPU
		{8E338984-1440-49D8-8129-8E09AA3BE040}.Release|Any CPU.ActiveCfg = Release|Any CPU
		{8E338984-1440-49D8-8129-8E09AA3BE040}.Release|Any CPU.Build.0 = Release|Any CPU
		{8E338984-1440-49D8-8129-8E09AA3BE040}.Release|Any CPU.Deploy.0 = Release|Any CPU
		{8E338984-1440-49D8-8129-8E09AA3BE040}.Release|ARM.ActiveCfg = Release|Any CPU
		{8E338984-1440-49D8-8129-8E09AA3BE040}.Release|ARM.Build.0 = Release|Any CPU
		{8E338984-1440-49D8-8129-8E09AA3BE040}.Release|ARM.Deploy.0 = Release|Any CPU
		{8E338984-1440-49D8-8129-8E09AA3BE040}.Release|iPhone.ActiveCfg = Release|Any CPU
		{8E338984-1440-49D8-8129-8E09AA3BE040}.Release|iPhone.Build.0 = Release|Any CPU
		{8E338984-1440-49D8-8129-8E09AA3BE040}.Release|iPhone.Deploy.0 = Release|Any CPU
		{8E338984-1440-49D8-8129-8E09AA3BE040}.Release|iPhoneSimulator.ActiveCfg = Release|Any CPU
		{8E338984-1440-49D8-8129-8E09AA3BE040}.Release|iPhoneSimulator.Build.0 = Release|Any CPU
		{8E338984-1440-49D8-8129-8E09AA3BE040}.Release|iPhoneSimulator.Deploy.0 = Release|Any CPU
		{8E338984-1440-49D8-8129-8E09AA3BE040}.Release|x64.ActiveCfg = Release|Any CPU
		{8E338984-1440-49D8-8129-8E09AA3BE040}.Release|x64.Build.0 = Release|Any CPU
		{8E338984-1440-49D8-8129-8E09AA3BE040}.Release|x64.Deploy.0 = Release|Any CPU
		{8E338984-1440-49D8-8129-8E09AA3BE040}.Release|x86.ActiveCfg = Release|Any CPU
		{8E338984-1440-49D8-8129-8E09AA3BE040}.Release|x86.Build.0 = Release|Any CPU
		{8E338984-1440-49D8-8129-8E09AA3BE040}.Release|x86.Deploy.0 = Release|Any CPU
	EndGlobalSection
	GlobalSection(SolutionProperties) = preSolution
		HideSolutionNode = FALSE
	EndGlobalSection
	GlobalSection(ExtensibilityGlobals) = postSolution
		SolutionGuid = {D6E0ACBC-4C07-4B8F-A5AC-AF7B6AACEB33}
	EndGlobalSection
EndGlobal
